
Microsoft Visual Studio Solution File, Format Version 12.00
# Visual Studio Version 16
VisualStudioVersion = 16.0.30711.63
MinimumVisualStudioVersion = 10.0.40219.1
Project("{FAE04EC0-301F-11D3-BF4B-00C04F79EFBC}") = "BillGeneration2", "BillGeneration2\BillGeneration2.csproj", "{806FE143-05D9-41A4-8AA8-A2F7DFC759EE}"
EndProject
Global
	GlobalSection(SolutionConfigurationPlatforms) = preSolution
		Debug|Any CPU = Debug|Any CPU
		Release|Any CPU = Release|Any CPU
	EndGlobalSection
	GlobalSection(ProjectConfigurationPlatforms) = postSolution
		{806FE143-05D9-41A4-8AA8-A2F7DFC759EE}.Debug|Any CPU.ActiveCfg = Debug|Any CPU
		{806FE143-05D9-41A4-8AA8-A2F7DFC759EE}.Debug|Any CPU.Build.0 = Debug|Any CPU
		{806FE143-05D9-41A4-8AA8-A2F7DFC759EE}.Release|Any CPU.ActiveCfg = Release|Any CPU
		{806FE143-05D9-41A4-8AA8-A2F7DFC759EE}.Release|Any CPU.Build.0 = Release|Any CPU
	EndGlobalSection
	GlobalSection(SolutionProperties) = preSolution
		HideSolutionNode = FALSE
	EndGlobalSection
	GlobalSection(ExtensibilityGlobals) = postSolution
		SolutionGuid = {E196370D-81FE-4389-829C-8B5578090755}
	EndGlobalSection
EndGlobal
